
Microsoft Visual Studio Solution File, Format Version 12.00
# Visual Studio Version 17
VisualStudioVersion = 17.4.32804.182
MinimumVisualStudioVersion = 10.0.40219.1
Project("{FAE04EC0-301F-11D3-BF4B-00C04F79EFBC}") = "ElectricalDevices", "ElectricalDevices\ElectricalDevices.csproj", "{783E9C3B-EC8F-4FD1-8F19-C00345794E1B}"
EndProject
Global
	GlobalSection(SolutionConfigurationPlatforms) = preSolution
		Debug|Any CPU = Debug|Any CPU
		Release|Any CPU = Release|Any CPU
	EndGlobalSection
	GlobalSection(ProjectConfigurationPlatforms) = postSolution
		{783E9C3B-EC8F-4FD1-8F19-C00345794E1B}.Debug|Any CPU.ActiveCfg = Debug|Any CPU
		{783E9C3B-EC8F-4FD1-8F19-C00345794E1B}.Debug|Any CPU.Build.0 = Debug|Any CPU
		{783E9C3B-EC8F-4FD1-8F19-C00345794E1B}.Release|Any CPU.ActiveCfg = Release|Any CPU
		{783E9C3B-EC8F-4FD1-8F19-C00345794E1B}.Release|Any CPU.Build.0 = Release|Any CPU
	EndGlobalSection
	GlobalSection(SolutionProperties) = preSolution
		HideSolutionNode = FALSE
	EndGlobalSection
	GlobalSection(ExtensibilityGlobals) = postSolution
		SolutionGuid = {5FF11F88-CAA5-4046-9900-CC20171B9F0F}
	EndGlobalSection
EndGlobal
